lockfileVersion: '9.0'

settings:
  autoInstallPeers: true
  excludeLinksFromLockfile: false

importers:

  .:
    dependencies:
      discord.js:
        specifier: ^14.25.1
        version: 14.25.1
      neverthrow:
        specifier: ^8.2.0
        version: 8.2.0
      ts-pattern:
        specifier: ^5.9.0
        version: 5.9.0
      zod:
        specifier: ^4.2.1
        version: 4.2.1
    devDependencies:
      '@types/node':
        specifier: ^25.0.3
        version: 25.0.3
      oxfmt:
        specifier: ^0.20.0
        version: 0.20.0
      oxlint:
        specifier: ^1.35.0
        version: 1.35.0(oxlint-tsgolint@0.10.0)
      oxlint-tsgolint:
        specifier: ^0.10.0
        version: 0.10.0
      ts-node:
        specifier: ^10.9.2
        version: 10.9.2(@types/node@25.0.3)(typescript@5.9.3)
      tsx:
        specifier: ^4.21.0
        version: 4.21.0
      typescript:
        specifier: ^5.9.3
        version: 5.9.3

packages:

  '@cspotcode/source-map-support@0.8.1':
    resolution: {integrity: sha512-IchNf6dN4tHoMFIn/7OE8LWZ19Y6q/67Bmf6vnGREv8RSbBVb9LPJxEcnwrcwX6ixSvaiGoomAUvu4YSxXrVgw==}
    engines: {node: '>=12'}

  '@discordjs/builders@1.13.1':
    resolution: {integrity: sha512-cOU0UDHc3lp/5nKByDxkmRiNZBpdp0kx55aarbiAfakfKJHlxv/yFW1zmIqCAmwH5CRlrH9iMFKJMpvW4DPB+w==}
    engines: {node: '>=16.11.0'}

  '@discordjs/collection@1.5.3':
    resolution: {integrity: sha512-SVb428OMd3WO1paV3rm6tSjM4wC+Kecaa1EUGX7vc6/fddvw/6lg90z4QtCqm21zvVe92vMMDt9+DkIvjXImQQ==}
    engines: {node: '>=16.11.0'}

  '@discordjs/collection@2.1.1':
    resolution: {integrity: sha512-LiSusze9Tc7qF03sLCujF5iZp7K+vRNEDBZ86FT9aQAv3vxMLihUvKvpsCWiQ2DJq1tVckopKm1rxomgNUc9hg==}
    engines: {node: '>=18'}

  '@discordjs/formatters@0.6.2':
    resolution: {integrity: sha512-y4UPwWhH6vChKRkGdMB4odasUbHOUwy7KL+OVwF86PvT6QVOwElx+TiI1/6kcmcEe+g5YRXJFiXSXUdabqZOvQ==}
    engines: {node: '>=16.11.0'}

  '@discordjs/rest@2.6.0':
    resolution: {integrity: sha512-RDYrhmpB7mTvmCKcpj+pc5k7POKszS4E2O9TYc+U+Y4iaCP+r910QdO43qmpOja8LRr1RJ0b3U+CqVsnPqzf4w==}
    engines: {node: '>=18'}

  '@discordjs/util@1.2.0':
    resolution: {integrity: sha512-3LKP7F2+atl9vJFhaBjn4nOaSWahZ/yWjOvA4e5pnXkt2qyXRCHLxoBQy81GFtLGCq7K9lPm9R517M1U+/90Qg==}
    engines: {node: '>=18'}

  '@discordjs/ws@1.2.3':
    resolution: {integrity: sha512-wPlQDxEmlDg5IxhJPuxXr3Vy9AjYq5xCvFWGJyD7w7Np8ZGu+Mc+97LCoEc/+AYCo2IDpKioiH0/c/mj5ZR9Uw==}
    engines: {node: '>=16.11.0'}

  '@esbuild/aix-ppc64@0.27.2':
    resolution: {integrity: sha512-GZMB+a0mOMZs4MpDbj8RJp4cw+w1WV5NYD6xzgvzUJ5Ek2jerwfO2eADyI6ExDSUED+1X8aMbegahsJi+8mgpw==}
    engines: {node: '>=18'}
    cpu: [ppc64]
    os: [aix]

  '@esbuild/android-arm64@0.27.2':
    resolution: {integrity: sha512-pvz8ZZ7ot/RBphf8fv60ljmaoydPU12VuXHImtAs0XhLLw+EXBi2BLe3OYSBslR4rryHvweW5gmkKFwTiFy6KA==}
    engines: {node: '>=18'}
    cpu: [arm64]
    os: [android]

  '@esbuild/android-arm@0.27.2':
    resolution: {integrity: sha512-DVNI8jlPa7Ujbr1yjU2PfUSRtAUZPG9I1RwW4F4xFB1Imiu2on0ADiI/c3td+KmDtVKNbi+nffGDQMfcIMkwIA==}
    engines: {node: '>=18'}
    cpu: [arm]
    os: [android]

  '@esbuild/android-x64@0.27.2':
    resolution: {integrity: sha512-z8Ank4Byh4TJJOh4wpz8g2vDy75zFL0TlZlkUkEwYXuPSgX8yzep596n6mT7905kA9uHZsf/o2OJZubl2l3M7A==}
    engines: {node: '>=18'}
    cpu: [x64]
    os: [android]

  '@esbuild/darwin-arm64@0.27.2':
    resolution: {integrity: sha512-davCD2Zc80nzDVRwXTcQP/28fiJbcOwvdolL0sOiOsbwBa72kegmVU0Wrh1MYrbuCL98Omp5dVhQFWRKR2ZAlg==}
    engines: {node: '>=18'}
    cpu: [arm64]
    os: [darwin]

  '@esbuild/darwin-x64@0.27.2':
    resolution: {integrity: sha512-ZxtijOmlQCBWGwbVmwOF/UCzuGIbUkqB1faQRf5akQmxRJ1ujusWsb3CVfk/9iZKr2L5SMU5wPBi1UWbvL+VQA==}
    engines: {node: '>=18'}
    cpu: [x64]
    os: [darwin]

  '@esbuild/freebsd-arm64@0.27.2':
    resolution: {integrity: sha512-lS/9CN+rgqQ9czogxlMcBMGd+l8Q3Nj1MFQwBZJyoEKI50XGxwuzznYdwcav6lpOGv5BqaZXqvBSiB/kJ5op+g==}
    engines: {node: '>=18'}
    cpu: [arm64]
    os: [freebsd]

  '@esbuild/freebsd-x64@0.27.2':
    resolution: {integrity: sha512-tAfqtNYb4YgPnJlEFu4c212HYjQWSO/w/h/lQaBK7RbwGIkBOuNKQI9tqWzx7Wtp7bTPaGC6MJvWI608P3wXYA==}
    engines: {node: '>=18'}
    cpu: [x64]
    os: [freebsd]

  '@esbuild/linux-arm64@0.27.2':
    resolution: {integrity: sha512-hYxN8pr66NsCCiRFkHUAsxylNOcAQaxSSkHMMjcpx0si13t1LHFphxJZUiGwojB1a/Hd5OiPIqDdXONia6bhTw==}
    engines: {node: '>=18'}
    cpu: [arm64]
    os: [linux]

  '@esbuild/linux-arm@0.27.2':
    resolution: {integrity: sha512-vWfq4GaIMP9AIe4yj1ZUW18RDhx6EPQKjwe7n8BbIecFtCQG4CfHGaHuh7fdfq+y3LIA2vGS/o9ZBGVxIDi9hw==}
    engines: {node: '>=18'}
    cpu: [arm]
    os: [linux]

  '@esbuild/linux-ia32@0.27.2':
    resolution: {integrity: sha512-MJt5BRRSScPDwG2hLelYhAAKh9imjHK5+NE/tvnRLbIqUWa+0E9N4WNMjmp/kXXPHZGqPLxggwVhz7QP8CTR8w==}
    engines: {node: '>=18'}
    cpu: [ia32]
    os: [linux]

  '@esbuild/linux-loong64@0.27.2':
    resolution: {integrity: sha512-lugyF1atnAT463aO6KPshVCJK5NgRnU4yb3FUumyVz+cGvZbontBgzeGFO1nF+dPueHD367a2ZXe1NtUkAjOtg==}
    engines: {node: '>=18'}
    cpu: [loong64]
    os: [linux]

  '@esbuild/linux-mips64el@0.27.2':
    resolution: {integrity: sha512-nlP2I6ArEBewvJ2gjrrkESEZkB5mIoaTswuqNFRv/WYd+ATtUpe9Y09RnJvgvdag7he0OWgEZWhviS1OTOKixw==}
    engines: {node: '>=18'}
    cpu: [mips64el]
    os: [linux]

  '@esbuild/linux-ppc64@0.27.2':
    resolution: {integrity: sha512-C92gnpey7tUQONqg1n6dKVbx3vphKtTHJaNG2Ok9lGwbZil6DrfyecMsp9CrmXGQJmZ7iiVXvvZH6Ml5hL6XdQ==}
    engines: {node: '>=18'}
    cpu: [ppc64]
    os: [linux]

  '@esbuild/linux-riscv64@0.27.2':
    resolution: {integrity: sha512-B5BOmojNtUyN8AXlK0QJyvjEZkWwy/FKvakkTDCziX95AowLZKR6aCDhG7LeF7uMCXEJqwa8Bejz5LTPYm8AvA==}
    engines: {node: '>=18'}
    cpu: [riscv64]
    os: [linux]

  '@esbuild/linux-s390x@0.27.2':
    resolution: {integrity: sha512-p4bm9+wsPwup5Z8f4EpfN63qNagQ47Ua2znaqGH6bqLlmJ4bx97Y9JdqxgGZ6Y8xVTixUnEkoKSHcpRlDnNr5w==}
    engines: {node: '>=18'}
    cpu: [s390x]
    os: [linux]

  '@esbuild/linux-x64@0.27.2':
    resolution: {integrity: sha512-uwp2Tip5aPmH+NRUwTcfLb+W32WXjpFejTIOWZFw/v7/KnpCDKG66u4DLcurQpiYTiYwQ9B7KOeMJvLCu/OvbA==}
    engines: {node: '>=18'}
    cpu: [x64]
    os: [linux]

  '@esbuild/netbsd-arm64@0.27.2':
    resolution: {integrity: sha512-Kj6DiBlwXrPsCRDeRvGAUb/LNrBASrfqAIok+xB0LxK8CHqxZ037viF13ugfsIpePH93mX7xfJp97cyDuTZ3cw==}
    engines: {node: '>=18'}
    cpu: [arm64]
    os: [netbsd]

  '@esbuild/netbsd-x64@0.27.2':
    resolution: {integrity: sha512-HwGDZ0VLVBY3Y+Nw0JexZy9o/nUAWq9MlV7cahpaXKW6TOzfVno3y3/M8Ga8u8Yr7GldLOov27xiCnqRZf0tCA==}
    engines: {node: '>=18'}
    cpu: [x64]
    os: [netbsd]

  '@esbuild/openbsd-arm64@0.27.2':
    resolution: {integrity: sha512-DNIHH2BPQ5551A7oSHD0CKbwIA/Ox7+78/AWkbS5QoRzaqlev2uFayfSxq68EkonB+IKjiuxBFoV8ESJy8bOHA==}
    engines: {node: '>=18'}
    cpu: [arm64]
    os: [openbsd]

  '@esbuild/openbsd-x64@0.27.2':
    resolution: {integrity: sha512-/it7w9Nb7+0KFIzjalNJVR5bOzA9Vay+yIPLVHfIQYG/j+j9VTH84aNB8ExGKPU4AzfaEvN9/V4HV+F+vo8OEg==}
    engines: {node: '>=18'}
    cpu: [x64]
    os: [openbsd]

  '@esbuild/openharmony-arm64@0.27.2':
    resolution: {integrity: sha512-LRBbCmiU51IXfeXk59csuX/aSaToeG7w48nMwA6049Y4J4+VbWALAuXcs+qcD04rHDuSCSRKdmY63sruDS5qag==}
    engines: {node: '>=18'}
    cpu: [arm64]
    os: [openharmony]

  '@esbuild/sunos-x64@0.27.2':
    resolution: {integrity: sha512-kMtx1yqJHTmqaqHPAzKCAkDaKsffmXkPHThSfRwZGyuqyIeBvf08KSsYXl+abf5HDAPMJIPnbBfXvP2ZC2TfHg==}
    engines: {node: '>=18'}
    cpu: [x64]
    os: [sunos]

  '@esbuild/win32-arm64@0.27.2':
    resolution: {integrity: sha512-Yaf78O/B3Kkh+nKABUF++bvJv5Ijoy9AN1ww904rOXZFLWVc5OLOfL56W+C8F9xn5JQZa3UX6m+IktJnIb1Jjg==}
    engines: {node: '>=18'}
    cpu: [arm64]
    os: [win32]

  '@esbuild/win32-ia32@0.27.2':
    resolution: {integrity: sha512-Iuws0kxo4yusk7sw70Xa2E2imZU5HoixzxfGCdxwBdhiDgt9vX9VUCBhqcwY7/uh//78A1hMkkROMJq9l27oLQ==}
    engines: {node: '>=18'}
    cpu: [ia32]
    os: [win32]

  '@esbuild/win32-x64@0.27.2':
    resolution: {integrity: sha512-sRdU18mcKf7F+YgheI/zGf5alZatMUTKj/jNS6l744f9u3WFu4v7twcUI9vu4mknF4Y9aDlblIie0IM+5xxaqQ==}
    engines: {node: '>=18'}
    cpu: [x64]
    os: [win32]

  '@jridgewell/resolve-uri@3.1.2':
    resolution: {integrity: sha512-bRISgCIjP20/tbWSPWMEi54QVPRZExkuD9lJL+UIxUKtwVJA8wW1Trb1jMs1RFXo1CBTNZ/5hpC9QvmKWdopKw==}
    engines: {node: '>=6.0.0'}

  '@jridgewell/sourcemap-codec@1.5.5':
    resolution: {integrity: sha512-cYQ9310grqxueWbl+WuIUIaiUaDcj7WOq5fVhEljNVgRfOUhY9fy2zTvfoqWsnebh8Sl70VScFbICvJnLKB0Og==}

  '@jridgewell/trace-mapping@0.3.9':
    resolution: {integrity: sha512-3Belt6tdc8bPgAtbcmdtNJlirVoTmEb5e2gC94PnkwEW9jI6CAHUeoG85tjWP5WquqfavoMtMwiG4P926ZKKuQ==}

  '@oxfmt/darwin-arm64@0.20.0':
    resolution: {integrity: sha512-bjR5dqvrd9gxKYfYR0ljUu3/T3+TuDVWcwA7d+tsfmx9lqidlw3zhgBTblnjF1mrd1zkPMoc5zzq86GeSEt1cA==}
    cpu: [arm64]
    os: [darwin]

  '@oxfmt/darwin-x64@0.20.0':
    resolution: {integrity: sha512-esUDes8FlJX3IY4TVjFLgZrnZlIIyPDlhkCaHgGR3+z2eHFZOvQu68kTSpZLCEJmGXdSpU5rlveycQ6n8tk9ew==}
    cpu: [x64]
    os: [darwin]

  '@oxfmt/linux-arm64-gnu@0.20.0':
    resolution: {integrity: sha512-irE0RO9B0R6ziQE6kUVZtZ6IuTdRyuumn1cPWhDfpa0XUa5sE0ly8pjVsvJbj/J9qerVtidU05txeXBB5CirQg==}
    cpu: [arm64]
    os: [linux]

  '@oxfmt/linux-arm64-musl@0.20.0':
    resolution: {integrity: sha512-eXPBLwYJm26DCmwMwhelEwQMRwuGNaYhYZOhd+CYYsmVoF+h6L6dtjwj0Ovuu0Gqh18EL8vfsaoUvb+jr3vEBg==}
    cpu: [arm64]
    os: [linux]

  '@oxfmt/linux-x64-gnu@0.20.0':
    resolution: {integrity: sha512-dTPW38Hjgb7LoD2mNgyQGBaJ1hu5YgPrxImhl5Eb04eiws+ETCM0wrb2TWGduA+Nv3rHKn3vZEkMTEjklZXgRw==}
    cpu: [x64]
    os: [linux]

  '@oxfmt/linux-x64-musl@0.20.0':
    resolution: {integrity: sha512-b4duw9JGDK/kZoqrPNU9tBOOZQdUW8KJPZ7gW7z54X1eGSqCJ1PT0XLNmZ7SOA1BzQwQ0a3qmQWfFVOsH3a5bw==}
    cpu: [x64]
    os: [linux]

  '@oxfmt/win32-arm64@0.20.0':
    resolution: {integrity: sha512-XAzvBhw4K+Fe16dBaFgYAdob9WaM8RYEXl0ibbm5NlNaQEq+5bH9xwc0oaYlHFnLfcgXWmn9ceTAYqNlONQRNA==}
    cpu: [arm64]
    os: [win32]

  '@oxfmt/win32-x64@0.20.0':
    resolution: {integrity: sha512-fkJqHbJaoOMRmrjHSljyb4/7BgXO3xPLBsJSFGtm3mpfW0HHFbAKvd4/6njhqJz9KY+b3RWP1WssjFshcqQQ4w==}
    cpu: [x64]
    os: [win32]

  '@oxlint-tsgolint/darwin-arm64@0.10.0':
    resolution: {integrity: sha512-mhBF/pjey0UdLL1ocU46Fqta+uJuRfqrLfDpcViRg17BtDiUNd8JY9iN2FOoS2HGSCAgCUjZ0AZkwkHwFs/VTw==}
    cpu: [arm64]
    os: [darwin]

  '@oxlint-tsgolint/darwin-x64@0.10.0':
    resolution: {integrity: sha512-roLi34mw/i1z+NS7luboix55SXyhVv38dNUTcRDkk+0lNPzI9ngrM+1y1N2oBSUmz5o9OZGnfJJ7BSGCw/fFEQ==}
    cpu: [x64]
    os: [darwin]

  '@oxlint-tsgolint/linux-arm64@0.10.0':
    resolution: {integrity: sha512-HL9NThPH1V2F6l9XhwNmhQZUknN4m4yQYEvQFFGfZTYN6cvEEBIiqfF4KvBUg8c0xadMbQlW+Ug7/ybA9Nn+CA==}
    cpu: [arm64]
    os: [linux]

  '@oxlint-tsgolint/linux-x64@0.10.0':
    resolution: {integrity: sha512-Tw8QNq8ab+4+qE5krvJyMA66v6XE3GoiISRD5WmJ7YOxUnu//jSw/bBm7OYf/TNEZyeV0BTR7zXzhT5R+VFWlQ==}
    cpu: [x64]
    os: [linux]

  '@oxlint-tsgolint/win32-arm64@0.10.0':
    resolution: {integrity: sha512-LTogmTRwpwQqVaH1Ama8Wd5/VVZWBSF8v5qTbeT628+1F5Kt1V5eHBvyFh4oN18UCZlgqrh7DqkDhsieXUaC8Q==}
    cpu: [arm64]
    os: [win32]

  '@oxlint-tsgolint/win32-x64@0.10.0':
    resolution: {integrity: sha512-ygqxx8EmNWy9/wCQS5uXq9k/o2EyYNwNxY1ZHNzlmZC/kV06Aemx5OBDafefawBNqH7xTZPfccUrjdiy+QlTrw==}
    cpu: [x64]
    os: [win32]

  '@oxlint/darwin-arm64@1.35.0':
    resolution: {integrity: sha512-ieiYVHkNZPo77Hgrxav595wGS4rRNKuDNrljf+4xhwpJsddrxMpM64IQUf2IvR3MhK4FxdGzhhB6OVmGVHY5/w==}
    cpu: [arm64]
    os: [darwin]

  '@oxlint/darwin-x64@1.35.0':
    resolution: {integrity: sha512-1jNHu3j66X5jKySvgtE+jGtjx4ye+xioAucVTi2IuROZO6keK2YG74pnD+9FT+DpWZAtWRZGoW0r0x6aN9sEEg==}
    cpu: [x64]
    os: [darwin]

  '@oxlint/linux-arm64-gnu@1.35.0':
    resolution: {integrity: sha512-T1lc0UaYbTxZyqVpLfC7eipbauNG8pBpkaZEW4JGz8Y68rxTH7d9s+CF0zxUxNr5RCtcmT669RLVjQT7VrKVLg==}
    cpu: [arm64]
    os: [linux]

  '@oxlint/linux-arm64-musl@1.35.0':
    resolution: {integrity: sha512-7Wv5Pke9kwWKFycUziSHsmi3EM0389TLzraB0KE/MArrKxx30ycwfJ5PYoMj9ERoW+Ybs0txdaOF/xJy/XyYkg==}
    cpu: [arm64]
    os: [linux]

  '@oxlint/linux-x64-gnu@1.35.0':
    resolution: {integrity: sha512-HDMPOzyVVy+rQl3H7UOq8oGHt7m1yaiWCanlhAu4jciK8dvXeO9OG/OQd74lD/h05IcJh93pCLEJ3wWOG8hTiQ==}
    cpu: [x64]
    os: [linux]

  '@oxlint/linux-x64-musl@1.35.0':
    resolution: {integrity: sha512-kAPBBsUOM3HQQ6n3nnZauvFR9EoXqCSoj4O3OSXXarzsRTiItNrHabVUwxeswZEc+xMzQNR0FHEWg/d4QAAWLw==}
    cpu: [x64]
    os: [linux]

  '@oxlint/win32-arm64@1.35.0':
    resolution: {integrity: sha512-qrpBkkOASS0WT8ra9xmBRXOEliN6D/MV9JhI/68lFHrtLhfFuRwg4AjzjxrCWrQCnQ0WkvAVpJzu73F4ICLYZw==}
    cpu: [arm64]
    os: [win32]

  '@oxlint/win32-x64@1.35.0':
    resolution: {integrity: sha512-yPFcj6umrhusnG/kMS5wh96vblsqZ0kArQJS+7kEOSJDrH+DsFWaDCsSRF8U6gmSmZJ26KVMU3C3TMpqDN4M1g==}
    cpu: [x64]
    os: [win32]

  '@rollup/rollup-linux-x64-gnu@4.54.0':
    resolution: {integrity: sha512-WGt5J8Ij/rvyqpFexxk3ffKqqbLf9AqrTBbWDk7ApGUzaIs6V+s2s84kAxklFwmMF/vBNGrVdYgbblCOFFezMQ==}
    cpu: [x64]
    os: [linux]

  '@sapphire/async-queue@1.5.5':
    resolution: {integrity: sha512-cvGzxbba6sav2zZkH8GPf2oGk9yYoD5qrNWdu9fRehifgnFZJMV+nuy2nON2roRO4yQQ+v7MK/Pktl/HgfsUXg==}
    engines: {node: '>=v14.0.0', npm: '>=7.0.0'}

  '@sapphire/shapeshift@4.0.0':
    resolution: {integrity: sha512-d9dUmWVA7MMiKobL3VpLF8P2aeanRTu6ypG2OIaEv/ZHH/SUQ2iHOVyi5wAPjQ+HmnMuL0whK9ez8I/raWbtIg==}
    engines: {node: '>=v16'}

  '@sapphire/snowflake@3.5.3':
    resolution: {integrity: sha512-jjmJywLAFoWeBi1W7994zZyiNWPIiqRRNAmSERxyg93xRGzNYvGjlZ0gR6x0F4gPRi2+0O6S71kOZYyr3cxaIQ==}
    engines: {node: '>=v14.0.0', npm: '>=7.0.0'}

  '@tsconfig/node10@1.0.12':
    resolution: {integrity: sha512-UCYBaeFvM11aU2y3YPZ//O5Rhj+xKyzy7mvcIoAjASbigy8mHMryP5cK7dgjlz2hWxh1g5pLw084E0a/wlUSFQ==}

  '@tsconfig/node12@1.0.11':
    resolution: {integrity: sha512-cqefuRsh12pWyGsIoBKJA9luFu3mRxCA+ORZvA4ktLSzIuCUtWVxGIuXigEwO5/ywWFMZ2QEGKWvkZG1zDMTag==}

  '@tsconfig/node14@1.0.3':
    resolution: {integrity: sha512-ysT8mhdixWK6Hw3i1V2AeRqZ5WfXg1G43mqoYlM2nc6388Fq5jcXyr5mRsqViLx/GJYdoL0bfXD8nmF+Zn/Iow==}

  '@tsconfig/node16@1.0.4':
    resolution: {integrity: sha512-vxhUy4J8lyeyinH7Azl1pdd43GJhZH/tP2weN8TntQblOY+A0XbT8DJk1/oCPuOOyg/Ja757rG0CgHcWC8OfMA==}

  '@types/node@25.0.3':
    resolution: {integrity: sha512-W609buLVRVmeW693xKfzHeIV6nJGGz98uCPfeXI1ELMLXVeKYZ9m15fAMSaUPBHYLGFsVRcMmSCksQOrZV9BYA==}

  '@types/ws@8.18.1':
    resolution: {integrity: sha512-ThVF6DCVhA8kUGy+aazFQ4kXQ7E1Ty7A3ypFOe0IcJV8O/M511G99AW24irKrW56Wt44yG9+ij8FaqoBGkuBXg==}

  '@vladfrangu/async_event_emitter@2.4.7':
    resolution: {integrity: sha512-Xfe6rpCTxSxfbswi/W/Pz7zp1WWSNn4A0eW4mLkQUewCrXXtMj31lCg+iQyTkh/CkusZSq9eDflu7tjEDXUY6g==}
    engines: {node: '>=v14.0.0', npm: '>=7.0.0'}

  acorn-walk@8.3.4:
    resolution: {integrity: sha512-ueEepnujpqee2o5aIYnvHU6C0A42MNdsIDeqy5BydrkuC5R1ZuUFnm27EeFJGoEHJQgn3uleRvmTXaJgfXbt4g==}
    engines: {node: '>=0.4.0'}

  acorn@8.15.0:
    resolution: {integrity: sha512-NZyJarBfL7nWwIq+FDL6Zp/yHEhePMNnnJ0y3qfieCrmNvYct8uvtiV41UvlSe6apAfk0fY1FbWx+NwfmpvtTg==}
    engines: {node: '>=0.4.0'}
    hasBin: true

  arg@4.1.3:
    resolution: {integrity: sha512-58S9QDqG0Xx27YwPSt9fJxivjYl432YCwfDMfZ+71RAqUrZef7LrKQZ3LHLOwCS4FLNBplP533Zx895SeOCHvA==}

  create-require@1.1.1:
    resolution: {integrity: sha512-dcKFX3jn0MpIaXjisoRvexIJVEKzaq7z2rZKxf+MSr9TkdmHmsU4m2lcLojrj/FHl8mk5VxMmYA+ftRkP/3oKQ==}

  diff@4.0.2:
    resolution: {integrity: sha512-58lmxKSA4BNyLz+HHMUzlOEpg09FV+ev6ZMe3vJihgdxzgcwZ8VoEEPmALCZG9LmqfVoNMMKpttIYTVG6uDY7A==}
    engines: {node: '>=0.3.1'}

  discord-api-types@0.38.37:
    resolution: {integrity: sha512-Cv47jzY1jkGkh5sv0bfHYqGgKOWO1peOrGMkDFM4UmaGMOTgOW8QSexhvixa9sVOiz8MnVOBryWYyw/CEVhj7w==}

  discord.js@14.25.1:
    resolution: {integrity: sha512-2l0gsPOLPs5t6GFZfQZKnL1OJNYFcuC/ETWsW4VtKVD/tg4ICa9x+jb9bkPffkMdRpRpuUaO/fKkHCBeiCKh8g==}
    engines: {node: '>=18'}

  esbuild@0.27.2:
    resolution: {integrity: sha512-HyNQImnsOC7X9PMNaCIeAm4ISCQXs5a5YasTXVliKv4uuBo1dKrG0A+uQS8M5eXjVMnLg3WgXaKvprHlFJQffw==}
    engines: {node: '>=18'}
    hasBin: true

  fast-deep-equal@3.1.3:
    resolution: {integrity: sha512-f3qQ9oQy9j2AhBe/H9VC91wLmKBCCU/gDOnKNAYG5hswO7BLKj09Hc5HYNz9cGI++xlpDCIgDaitVs03ATR84Q==}

  fsevents@2.3.3:
    resolution: {integrity: sha512-5xoDfX+fL7faATnagmWPpbFtwh/R77WmMMqqHGS65C3vvB0YHrgF+B1YmZ3441tMj5n63k0212XNoJwzlhffQw==}
    engines: {node: ^8.16.0 || ^10.6.0 || >=11.0.0}
    os: [darwin]

  get-tsconfig@4.13.0:
    resolution: {integrity: sha512-1VKTZJCwBrvbd+Wn3AOgQP/2Av+TfTCOlE4AcRJE72W1ksZXbAx8PPBR9RzgTeSPzlPMHrbANMH3LbltH73wxQ==}

  lodash.snakecase@4.1.1:
    resolution: {integrity: sha512-QZ1d4xoBHYUeuouhEq3lk3Uq7ldgyFXGBhg04+oRLnIz8o9T65Eh+8YdroUwn846zchkA9yDsDl5CVVaV2nqYw==}

  lodash@4.17.21:
    resolution: {integrity: sha512-v2kDEe57lecTulaDIuNTPy3Ry4gLGJ6Z1O3vE1krgXZNrsQ+LFTGHVxVjcXPs17LhbZVGedAJv8XZ1tvj5FvSg==}

  magic-bytes.js@1.12.1:
    resolution: {integrity: sha512-ThQLOhN86ZkJ7qemtVRGYM+gRgR8GEXNli9H/PMvpnZsE44Xfh3wx9kGJaldg314v85m+bFW6WBMaVHJc/c3zA==}

  make-error@1.3.6:
    resolution: {integrity: sha512-s8UhlNe7vPKomQhC1qFelMokr/Sc3AgNbso3n74mVPA5LTZwkB9NlXf4XPamLxJE8h0gh73rM94xvwRT2CVInw==}

  neverthrow@8.2.0:
    resolution: {integrity: sha512-kOCT/1MCPAxY5iUV3wytNFUMUolzuwd/VF/1KCx7kf6CutrOsTie+84zTGTpgQycjvfLdBBdvBvFLqFD2c0wkQ==}
    engines: {node: '>=18'}

  oxfmt@0.20.0:
    resolution: {integrity: sha512-+7f8eV8iaK3tENN/FUVxZM1g78HjPehybN8/+/dvEA1O893Dcvk6O7/Q1wTQOHMD7wvdwWdujKl+Uo8QMiKDrQ==}
    engines: {node: ^20.19.0 || >=22.12.0}
    hasBin: true

  oxlint-tsgolint@0.10.0:
    resolution: {integrity: sha512-LDDSIu5J/4D4gFUuQQIEQpAC6maNEbMg4nC8JL/+Pe0cUDR86dtVZ09E2x5MwCh8f9yfktoaxt5x6UIVyzrajg==}
    hasBin: true

  oxlint@1.35.0:
    resolution: {integrity: sha512-QDX1aUgaiqznkGfTM2qHwva2wtKqhVoqPSVXrnPz+yLUhlNadikD3QRuRtppHl7WGuy3wG6nKAuR8lash3aWSg==}
    engines: {node: ^20.19.0 || >=22.12.0}
    hasBin: true
    peerDependencies:
      oxlint-tsgolint: '>=0.10.0'
    peerDependenciesMeta:
      oxlint-tsgolint:
        optional: true

  resolve-pkg-maps@1.0.0:
    resolution: {integrity: sha512-seS2Tj26TBVOC2NIc2rOe2y2ZO7efxITtLZcGSOnHHNOQ7CkiUBfw0Iw2ck6xkIhPwLhKNLS8BO+hEpngQlqzw==}

  tinypool@2.0.0:
    resolution: {integrity: sha512-/RX9RzeH2xU5ADE7n2Ykvmi9ED3FBGPAjw9u3zucrNNaEBIO0HPSYgL0NT7+3p147ojeSdaVu08F6hjpv31HJg==}
    engines: {node: ^20.0.0 || >=22.0.0}

  ts-mixer@6.0.4:
    resolution: {integrity: sha512-ufKpbmrugz5Aou4wcr5Wc1UUFWOLhq+Fm6qa6P0w0K5Qw2yhaUoiWszhCVuNQyNwrlGiscHOmqYoAox1PtvgjA==}

  ts-node@10.9.2:
    resolution: {integrity: sha512-f0FFpIdcHgn8zcPSbf1dRevwt047YMnaiJM3u2w2RewrB+fob/zePZcrOyQoLMMO7aBIddLcQIEK5dYjkLnGrQ==}
    hasBin: true
    peerDependencies:
      '@swc/core': '>=1.2.50'
      '@swc/wasm': '>=1.2.50'
      '@types/node': '*'
      typescript: '>=2.7'
    peerDependenciesMeta:
      '@swc/core':
        optional: true
      '@swc/wasm':
        optional: true

  ts-pattern@5.9.0:
    resolution: {integrity: sha512-6s5V71mX8qBUmlgbrfL33xDUwO0fq48rxAu2LBE11WBeGdpCPOsXksQbZJHvHwhrd3QjUusd3mAOM5Gg0mFBLg==}

  tslib@2.8.1:
    resolution: {integrity: sha512-oJFu94HQb+KVduSUQL7wnpmqnfmLsOA/nAh6b6EH0wCEoK0/mPeXU6c3wKDV83MkOuHPRHtSXKKU99IBazS/2w==}

  tsx@4.21.0:
    resolution: {integrity: sha512-5C1sg4USs1lfG0GFb2RLXsdpXqBSEhAaA/0kPL01wxzpMqLILNxIxIOKiILz+cdg/pLnOUxFYOR5yhHU666wbw==}
    engines: {node: '>=18.0.0'}
    hasBin: true

  typescript@5.9.3:
    resolution: {integrity: sha512-jl1vZzPDinLr9eUt3J/t7V6FgNEw9QjvBPdysz9KfQDD41fQrC2Y4vKQdiaUpFT4bXlb1RHhLpp8wtm6M5TgSw==}
    engines: {node: '>=14.17'}
    hasBin: true

  undici-types@7.16.0:
    resolution: {integrity: sha512-Zz+aZWSj8LE6zoxD+xrjh4VfkIG8Ya6LvYkZqtUQGJPZjYl53ypCaUwWqo7eI0x66KBGeRo+mlBEkMSeSZ38Nw==}

  undici@6.21.3:
    resolution: {integrity: sha512-gBLkYIlEnSp8pFbT64yFgGE6UIB9tAkhukC23PmMDCe5Nd+cRqKxSjw5y54MK2AZMgZfJWMaNE4nYUHgi1XEOw==}
    engines: {node: '>=18.17'}

  v8-compile-cache-lib@3.0.1:
    resolution: {integrity: sha512-wa7YjyUGfNZngI/vtK0UHAN+lgDCxBPCylVXGp0zu59Fz5aiGtNXaq3DhIov063MorB+VfufLh3JlF2KdTK3xg==}

  ws@8.18.3:
    resolution: {integrity: sha512-PEIGCY5tSlUt50cqyMXfCzX+oOPqN0vuGqWzbcJ2xvnkzkq46oOpz7dQaTDBdfICb4N14+GARUDw2XV2N4tvzg==}
    engines: {node: '>=10.0.0'}
    peerDependencies:
      bufferutil: ^4.0.1
      utf-8-validate: '>=5.0.2'
    peerDependenciesMeta:
      bufferutil:
        optional: true
      utf-8-validate:
        optional: true

  yn@3.1.1:
    resolution: {integrity: sha512-Ux4ygGWsu2c7isFWe8Yu1YluJmqVhxqK2cLXNQA5AcC3QfbGNpM7fu0Y8b/z16pXLnFxZYvWhd3fhBY9DLmC6Q==}
    engines: {node: '>=6'}

  zod@4.2.1:
    resolution: {integrity: sha512-0wZ1IRqGGhMP76gLqz8EyfBXKk0J2qo2+H3fi4mcUP/KtTocoX08nmIAHl1Z2kJIZbZee8KOpBCSNPRgauucjw==}

snapshots:

  '@cspotcode/source-map-support@0.8.1':
    dependencies:
      '@jridgewell/trace-mapping': 0.3.9

  '@discordjs/builders@1.13.1':
    dependencies:
      '@discordjs/formatters': 0.6.2
      '@discordjs/util': 1.2.0
      '@sapphire/shapeshift': 4.0.0
      discord-api-types: 0.38.37
      fast-deep-equal: 3.1.3
      ts-mixer: 6.0.4
      tslib: 2.8.1

  '@discordjs/collection@1.5.3': {}

  '@discordjs/collection@2.1.1': {}

  '@discordjs/formatters@0.6.2':
    dependencies:
      discord-api-types: 0.38.37

  '@discordjs/rest@2.6.0':
    dependencies:
      '@discordjs/collection': 2.1.1
      '@discordjs/util': 1.2.0
      '@sapphire/async-queue': 1.5.5
      '@sapphire/snowflake': 3.5.3
      '@vladfrangu/async_event_emitter': 2.4.7
      discord-api-types: 0.38.37
      magic-bytes.js: 1.12.1
      tslib: 2.8.1
      undici: 6.21.3

  '@discordjs/util@1.2.0':
    dependencies:
      discord-api-types: 0.38.37

  '@discordjs/ws@1.2.3':
    dependencies:
      '@discordjs/collection': 2.1.1
      '@discordjs/rest': 2.6.0
      '@discordjs/util': 1.2.0
      '@sapphire/async-queue': 1.5.5
      '@types/ws': 8.18.1
      '@vladfrangu/async_event_emitter': 2.4.7
      discord-api-types: 0.38.37
      tslib: 2.8.1
      ws: 8.18.3
    transitivePeerDependencies:
      - bufferutil
      - utf-8-validate

  '@esbuild/aix-ppc64@0.27.2':
    optional: true

  '@esbuild/android-arm64@0.27.2':
    optional: true

  '@esbuild/android-arm@0.27.2':
    optional: true

  '@esbuild/android-x64@0.27.2':
    optional: true

  '@esbuild/darwin-arm64@0.27.2':
    optional: true

  '@esbuild/darwin-x64@0.27.2':
    optional: true

  '@esbuild/freebsd-arm64@0.27.2':
    optional: true

  '@esbuild/freebsd-x64@0.27.2':
    optional: true

  '@esbuild/linux-arm64@0.27.2':
    optional: true

  '@esbuild/linux-arm@0.27.2':
    optional: true

  '@esbuild/linux-ia32@0.27.2':
    optional: true

  '@esbuild/linux-loong64@0.27.2':
    optional: true

  '@esbuild/linux-mips64el@0.27.2':
    optional: true

  '@esbuild/linux-ppc64@0.27.2':
    optional: true

  '@esbuild/linux-riscv64@0.27.2':
    optional: true

  '@esbuild/linux-s390x@0.27.2':
    optional: true

  '@esbuild/linux-x64@0.27.2':
    optional: true

  '@esbuild/netbsd-arm64@0.27.2':
    optional: true

  '@esbuild/netbsd-x64@0.27.2':
    optional: true

  '@esbuild/openbsd-arm64@0.27.2':
    optional: true

  '@esbuild/openbsd-x64@0.27.2':
    optional: true

  '@esbuild/openharmony-arm64@0.27.2':
    optional: true

  '@esbuild/sunos-x64@0.27.2':
    optional: true

  '@esbuild/win32-arm64@0.27.2':
    optional: true

  '@esbuild/win32-ia32@0.27.2':
    optional: true

  '@esbuild/win32-x64@0.27.2':
    optional: true

  '@jridgewell/resolve-uri@3.1.2': {}

  '@jridgewell/sourcemap-codec@1.5.5': {}

  '@jridgewell/trace-mapping@0.3.9':
    dependencies:
      '@jridgewell/resolve-uri': 3.1.2
      '@jridgewell/sourcemap-codec': 1.5.5

  '@oxfmt/darwin-arm64@0.20.0':
    optional: true

  '@oxfmt/darwin-x64@0.20.0':
    optional: true

  '@oxfmt/linux-arm64-gnu@0.20.0':
    optional: true

  '@oxfmt/linux-arm64-musl@0.20.0':
    optional: true

  '@oxfmt/linux-x64-gnu@0.20.0':
    optional: true

  '@oxfmt/linux-x64-musl@0.20.0':
    optional: true

  '@oxfmt/win32-arm64@0.20.0':
    optional: true

  '@oxfmt/win32-x64@0.20.0':
    optional: true

  '@oxlint-tsgolint/darwin-arm64@0.10.0':
    optional: true

  '@oxlint-tsgolint/darwin-x64@0.10.0':
    optional: true

  '@oxlint-tsgolint/linux-arm64@0.10.0':
    optional: true

  '@oxlint-tsgolint/linux-x64@0.10.0':
    optional: true

  '@oxlint-tsgolint/win32-arm64@0.10.0':
    optional: true

  '@oxlint-tsgolint/win32-x64@0.10.0':
    optional: true

  '@oxlint/darwin-arm64@1.35.0':
    optional: true

  '@oxlint/darwin-x64@1.35.0':
    optional: true

  '@oxlint/linux-arm64-gnu@1.35.0':
    optional: true

  '@oxlint/linux-arm64-musl@1.35.0':
    optional: true

  '@oxlint/linux-x64-gnu@1.35.0':
    optional: true

  '@oxlint/linux-x64-musl@1.35.0':
    optional: true

  '@oxlint/win32-arm64@1.35.0':
    optional: true

  '@oxlint/win32-x64@1.35.0':
    optional: true

  '@rollup/rollup-linux-x64-gnu@4.54.0':
    optional: true

  '@sapphire/async-queue@1.5.5': {}

  '@sapphire/shapeshift@4.0.0':
    dependencies:
      fast-deep-equal: 3.1.3
      lodash: 4.17.21

  '@sapphire/snowflake@3.5.3': {}

  '@tsconfig/node10@1.0.12': {}

  '@tsconfig/node12@1.0.11': {}

  '@tsconfig/node14@1.0.3': {}

  '@tsconfig/node16@1.0.4': {}

  '@types/node@25.0.3':
    dependencies:
      undici-types: 7.16.0

  '@types/ws@8.18.1':
    dependencies:
      '@types/node': 25.0.3

  '@vladfrangu/async_event_emitter@2.4.7': {}

  acorn-walk@8.3.4:
    dependencies:
      acorn: 8.15.0

  acorn@8.15.0: {}

  arg@4.1.3: {}

  create-require@1.1.1: {}

  diff@4.0.2: {}

  discord-api-types@0.38.37: {}

  discord.js@14.25.1:
    dependencies:
      '@discordjs/builders': 1.13.1
      '@discordjs/collection': 1.5.3
      '@discordjs/formatters': 0.6.2
      '@discordjs/rest': 2.6.0
      '@discordjs/util': 1.2.0
      '@discordjs/ws': 1.2.3
      '@sapphire/snowflake': 3.5.3
      discord-api-types: 0.38.37
      fast-deep-equal: 3.1.3
      lodash.snakecase: 4.1.1
      magic-bytes.js: 1.12.1
      tslib: 2.8.1
      undici: 6.21.3
    transitivePeerDependencies:
      - bufferutil
      - utf-8-validate

  esbuild@0.27.2:
    optionalDependencies:
      '@esbuild/aix-ppc64': 0.27.2
      '@esbuild/android-arm': 0.27.2
      '@esbuild/android-arm64': 0.27.2
      '@esbuild/android-x64': 0.27.2
      '@esbuild/darwin-arm64': 0.27.2
      '@esbuild/darwin-x64': 0.27.2
      '@esbuild/freebsd-arm64': 0.27.2
      '@esbuild/freebsd-x64': 0.27.2
      '@esbuild/linux-arm': 0.27.2
      '@esbuild/linux-arm64': 0.27.2
      '@esbuild/linux-ia32': 0.27.2
      '@esbuild/linux-loong64': 0.27.2
      '@esbuild/linux-mips64el': 0.27.2
      '@esbuild/linux-ppc64': 0.27.2
      '@esbuild/linux-riscv64': 0.27.2
      '@esbuild/linux-s390x': 0.27.2
      '@esbuild/linux-x64': 0.27.2
      '@esbuild/netbsd-arm64': 0.27.2
      '@esbuild/netbsd-x64': 0.27.2
      '@esbuild/openbsd-arm64': 0.27.2
      '@esbuild/openbsd-x64': 0.27.2
      '@esbuild/openharmony-arm64': 0.27.2
      '@esbuild/sunos-x64': 0.27.2
      '@esbuild/win32-arm64': 0.27.2
      '@esbuild/win32-ia32': 0.27.2
      '@esbuild/win32-x64': 0.27.2

  fast-deep-equal@3.1.3: {}

  fsevents@2.3.3:
    optional: true

  get-tsconfig@4.13.0:
    dependencies:
      resolve-pkg-maps: 1.0.0

  lodash.snakecase@4.1.1: {}

  lodash@4.17.21: {}

  magic-bytes.js@1.12.1: {}

  make-error@1.3.6: {}

  neverthrow@8.2.0:
    optionalDependencies:
      '@rollup/rollup-linux-x64-gnu': 4.54.0

  oxfmt@0.20.0:
    dependencies:
      tinypool: 2.0.0
    optionalDependencies:
      '@oxfmt/darwin-arm64': 0.20.0
      '@oxfmt/darwin-x64': 0.20.0
      '@oxfmt/linux-arm64-gnu': 0.20.0
      '@oxfmt/linux-arm64-musl': 0.20.0
      '@oxfmt/linux-x64-gnu': 0.20.0
      '@oxfmt/linux-x64-musl': 0.20.0
      '@oxfmt/win32-arm64': 0.20.0
      '@oxfmt/win32-x64': 0.20.0

  oxlint-tsgolint@0.10.0:
    optionalDependencies:
      '@oxlint-tsgolint/darwin-arm64': 0.10.0
      '@oxlint-tsgolint/darwin-x64': 0.10.0
      '@oxlint-tsgolint/linux-arm64': 0.10.0
      '@oxlint-tsgolint/linux-x64': 0.10.0
      '@oxlint-tsgolint/win32-arm64': 0.10.0
      '@oxlint-tsgolint/win32-x64': 0.10.0

  oxlint@1.35.0(oxlint-tsgolint@0.10.0):
    optionalDependencies:
      '@oxlint/darwin-arm64': 1.35.0
      '@oxlint/darwin-x64': 1.35.0
      '@oxlint/linux-arm64-gnu': 1.35.0
      '@oxlint/linux-arm64-musl': 1.35.0
      '@oxlint/linux-x64-gnu': 1.35.0
      '@oxlint/linux-x64-musl': 1.35.0
      '@oxlint/win32-arm64': 1.35.0
      '@oxlint/win32-x64': 1.35.0
      oxlint-tsgolint: 0.10.0

  resolve-pkg-maps@1.0.0: {}

  tinypool@2.0.0: {}

  ts-mixer@6.0.4: {}

  ts-node@10.9.2(@types/node@25.0.3)(typescript@5.9.3):
    dependencies:
      '@cspotcode/source-map-support': 0.8.1
      '@tsconfig/node10': 1.0.12
      '@tsconfig/node12': 1.0.11
      '@tsconfig/node14': 1.0.3
      '@tsconfig/node16': 1.0.4
      '@types/node': 25.0.3
      acorn: 8.15.0
      acorn-walk: 8.3.4
      arg: 4.1.3
      create-require: 1.1.1
      diff: 4.0.2
      make-error: 1.3.6
      typescript: 5.9.3
      v8-compile-cache-lib: 3.0.1
      yn: 3.1.1

  ts-pattern@5.9.0: {}

  tslib@2.8.1: {}

  tsx@4.21.0:
    dependencies:
      esbuild: 0.27.2
      get-tsconfig: 4.13.0
    optionalDependencies:
      fsevents: 2.3.3

  typescript@5.9.3: {}

  undici-types@7.16.0: {}

  undici@6.21.3: {}

  v8-compile-cache-lib@3.0.1: {}

  ws@8.18.3: {}

  yn@3.1.1: {}

  zod@4.2.1: {}
